
Microsoft Visual Studio Solution File, Format Version 12.00
# Visual Studio Version 16
VisualStudioVersion = 16.0.29306.81
MinimumVisualStudioVersion = 10.0.40219.1
Project("{FAE04EC0-301F-11D3-BF4B-00C04F79EFBC}") = "WeatherAPp", "WeatherAPp\WeatherAPp.csproj", "{B740A707-9313-4D25-A39D-7899228D5C4D}"
EndProject
Global
	GlobalSection(SolutionConfigurationPlatforms) = preSolution
		Debug|Any CPU = Debug|Any CPU
		Release|Any CPU = Release|Any CPU
	EndGlobalSection
	GlobalSection(ProjectConfigurationPlatforms) = postSolution
		{B740A707-9313-4D25-A39D-7899228D5C4D}.Debug|Any CPU.ActiveCfg = Debug|Any CPU
		{B740A707-9313-4D25-A39D-7899228D5C4D}.Debug|Any CPU.Build.0 = Debug|Any CPU
		{B740A707-9313-4D25-A39D-7899228D5C4D}.Release|Any CPU.ActiveCfg = Release|Any CPU
		{B740A707-9313-4D25-A39D-7899228D5C4D}.Release|Any CPU.Build.0 = Release|Any CPU
	EndGlobalSection
	GlobalSection(SolutionProperties) = preSolution
		HideSolutionNode = FALSE
	EndGlobalSection
	GlobalSection(ExtensibilityGlobals) = postSolution
		SolutionGuid = {A8F11472-65E5-4743-91E0-C018E6E09296}
	EndGlobalSection
EndGlobal
